
Microsoft Visual Studio Solution File, Format Version 12.00
# Visual Studio 15
VisualStudioVersion = 15.0.33529.398
MinimumVisualStudioVersion = 10.0.40219.1
Project("{FAE04EC0-301F-11D3-BF4B-00C04F79EFBC}") = "TestSerial", "TestSerial\TestSerial.csproj", "{1EE63511-B221-40FE-8BC9-738C75429711}"
EndProject
Project("{FAE04EC0-301F-11D3-BF4B-00C04F79EFBC}") = "testtcp", "testtcp\testtcp.csproj", "{BEFF9F08-F5A4-45F9-B0CB-5BD919669B2B}"
EndProject
Project("{FAE04EC0-301F-11D3-BF4B-00C04F79EFBC}") = "Check dotPLC", "Check dotPLC\Check dotPLC.csproj", "{742D8DFC-0BA3-47C3-A23C-E300CD50718E}"
EndProject
Global
	GlobalSection(SolutionConfigurationPlatforms) = preSolution
		Debug|Any CPU = Debug|Any CPU
		Release|Any CPU = Release|Any CPU
	EndGlobalSection
	GlobalSection(ProjectConfigurationPlatforms) = postSolution
		{1EE63511-B221-40FE-8BC9-738C75429711}.Debug|Any CPU.ActiveCfg = Debug|Any CPU
		{1EE63511-B221-40FE-8BC9-738C75429711}.Debug|Any CPU.Build.0 = Debug|Any CPU
		{1EE63511-B221-40FE-8BC9-738C75429711}.Release|Any CPU.ActiveCfg = Release|Any CPU
		{1EE63511-B221-40FE-8BC9-738C75429711}.Release|Any CPU.Build.0 = Release|Any CPU
		{BEFF9F08-F5A4-45F9-B0CB-5BD919669B2B}.Debug|Any CPU.ActiveCfg = Debug|Any CPU
		{BEFF9F08-F5A4-45F9-B0CB-5BD919669B2B}.Debug|Any CPU.Build.0 = Debug|Any CPU
		{BEFF9F08-F5A4-45F9-B0CB-5BD919669B2B}.Release|Any CPU.ActiveCfg = Release|Any CPU
		{BEFF9F08-F5A4-45F9-B0CB-5BD919669B2B}.Release|Any CPU.Build.0 = Release|Any CPU
		{742D8DFC-0BA3-47C3-A23C-E300CD50718E}.Debug|Any CPU.ActiveCfg = Debug|Any CPU
		{742D8DFC-0BA3-47C3-A23C-E300CD50718E}.Debug|Any CPU.Build.0 = Debug|Any CPU
		{742D8DFC-0BA3-47C3-A23C-E300CD50718E}.Release|Any CPU.ActiveCfg = Release|Any CPU
		{742D8DFC-0BA3-47C3-A23C-E300CD50718E}.Release|Any CPU.Build.0 = Release|Any CPU
	EndGlobalSection
	GlobalSection(SolutionProperties) = preSolution
		HideSolutionNode = FALSE
	EndGlobalSection
	GlobalSection(ExtensibilityGlobals) = postSolution
		SolutionGuid = {70ADCEC4-F701-4F8B-8CD5-0B4D9FC740C7}
	EndGlobalSection
EndGlobal
